
Microsoft Visual Studio Solution File, Format Version 12.00
# Visual Studio Version 16
VisualStudioVersion = 16.0.31729.503
MinimumVisualStudioVersion = 10.0.40219.1
Project("{FAE04EC0-301F-11D3-BF4B-00C04F79EFBC}") = "DEXTUSClient", "DEXTUSClient\DEXTUSClient.csproj", "{4604C754-ED2A-461D-9549-284E3927F751}"
EndProject
Project("{FAE04EC0-301F-11D3-BF4B-00C04F79EFBC}") = "DEXTUSServer", "DEXTUSServer\DEXTUSServer.csproj", "{CB7E093F-BF87-4E74-8551-1DE8D31579C6}"
EndProject
Project("{FAE04EC0-301F-11D3-BF4B-00C04F79EFBC}") = "TUSTestHelpers", "TUSTestHelpers\TUSTestHelpers.csproj", "{4A76A826-7ACD-40C6-88B4-2E760D8F7A0A}"
EndProject
Global
	GlobalSection(SolutionConfigurationPlatforms) = preSolution
		Debug|Any CPU = Debug|Any CPU
		Release|Any CPU = Release|Any CPU
	EndGlobalSection
	GlobalSection(ProjectConfigurationPlatforms) = postSolution
		{4604C754-ED2A-461D-9549-284E3927F751}.Debug|Any CPU.ActiveCfg = Debug|Any CPU
		{4604C754-ED2A-461D-9549-284E3927F751}.Debug|Any CPU.Build.0 = Debug|Any CPU
		{4604C754-ED2A-461D-9549-284E3927F751}.Release|Any CPU.ActiveCfg = Release|Any CPU
		{4604C754-ED2A-461D-9549-284E3927F751}.Release|Any CPU.Build.0 = Release|Any CPU
		{CB7E093F-BF87-4E74-8551-1DE8D31579C6}.Debug|Any CPU.ActiveCfg = Debug|Any CPU
		{CB7E093F-BF87-4E74-8551-1DE8D31579C6}.Debug|Any CPU.Build.0 = Debug|Any CPU
		{CB7E093F-BF87-4E74-8551-1DE8D31579C6}.Release|Any CPU.ActiveCfg = Release|Any CPU
		{CB7E093F-BF87-4E74-8551-1DE8D31579C6}.Release|Any CPU.Build.0 = Release|Any CPU
		{4A76A826-7ACD-40C6-88B4-2E760D8F7A0A}.Debug|Any CPU.ActiveCfg = Debug|Any CPU
		{4A76A826-7ACD-40C6-88B4-2E760D8F7A0A}.Debug|Any CPU.Build.0 = Debug|Any CPU
		{4A76A826-7ACD-40C6-88B4-2E760D8F7A0A}.Release|Any CPU.ActiveCfg = Release|Any CPU
		{4A76A826-7ACD-40C6-88B4-2E760D8F7A0A}.Release|Any CPU.Build.0 = Release|Any CPU
	EndGlobalSection
	GlobalSection(SolutionProperties) = preSolution
		HideSolutionNode = FALSE
	EndGlobalSection
	GlobalSection(ExtensibilityGlobals) = postSolution
		SolutionGuid = {4ABA908B-A603-431C-963A-BED2B60AD807}
	EndGlobalSection
EndGlobal
