
Microsoft Visual Studio Solution File, Format Version 12.00
# Visual Studio Version 17
VisualStudioVersion = 17.5.33209.295
MinimumVisualStudioVersion = 10.0.40219.1
Project("{FAE04EC0-301F-11D3-BF4B-00C04F79EFBC}") = "BulkFileUploadFunctionApp", "BulkFileUploadFunctionApp.csproj", "{F203B38F-880E-4F21-9B30-03786BA903CC}"
EndProject
Global
	GlobalSection(SolutionConfigurationPlatforms) = preSolution
		Debug|Any CPU = Debug|Any CPU
		Release|Any CPU = Release|Any CPU
	EndGlobalSection
	GlobalSection(ProjectConfigurationPlatforms) = postSolution
		{F203B38F-880E-4F21-9B30-03786BA903CC}.Debug|Any CPU.ActiveCfg = Debug|Any CPU
		{F203B38F-880E-4F21-9B30-03786BA903CC}.Debug|Any CPU.Build.0 = Debug|Any CPU
		{F203B38F-880E-4F21-9B30-03786BA903CC}.Release|Any CPU.ActiveCfg = Release|Any CPU
		{F203B38F-880E-4F21-9B30-03786BA903CC}.Release|Any CPU.Build.0 = Release|Any CPU
	EndGlobalSection
	GlobalSection(SolutionProperties) = preSolution
		HideSolutionNode = FALSE
	EndGlobalSection
	GlobalSection(ExtensibilityGlobals) = postSolution
		SolutionGuid = {0FF1363E-0175-4F80-B217-2EEF8EA6897E}
	EndGlobalSection
EndGlobal
